
Microsoft Visual Studio Solution File, Format Version 12.00
# Visual Studio Version 16
VisualStudioVersion = 16.0.30114.105
MinimumVisualStudioVersion = 10.0.40219.1
Project("{FAE04EC0-301F-11D3-BF4B-00C04F79EFBC}") = "BookitLoginUWP", "BookitLoginUWP\BookitLoginUWP.csproj", "{3F946259-00F9-4F11-962D-734CD3FA66D8}"
EndProject
Project("{FAE04EC0-301F-11D3-BF4B-00C04F79EFBC}") = "BookitLoginUWP.Tests.xUnit", "BookitLoginUWP.Tests.xUnit\BookitLoginUWP.Tests.xUnit.csproj", "{1D248CE3-DAEF-4454-B649-923DF6685EA4}"
EndProject
Project("{9A19103F-16F7-4668-BE54-9A1E7A4F7556}") = "BookitLoginUWP.Core", "BookitLoginUWP.Core\BookitLoginUWP.Core.csproj", "{4F4927A5-B233-43DD-AB25-DA999CD84646}"
EndProject
Project("{9A19103F-16F7-4668-BE54-9A1E7A4F7556}") = "BookitLoginUWP.WebApi", "BookitLoginUWP.WebApi\BookitLoginUWP.WebApi.csproj", "{6D8DEA67-0AB6-40EF-8896-76F6059C73AF}"
EndProject
Project("{9A19103F-16F7-4668-BE54-9A1E7A4F7556}") = "BookitLoginUWP.Core.Tests.xUnit", "BookitLoginUWP.Core.Tests.xUnit\BookitLoginUWP.Core.Tests.xUnit.csproj", "{927245EF-F22F-4D4D-BAC1-BFBFBF20EEC3}"
EndProject
Global
	GlobalSection(SolutionConfigurationPlatforms) = preSolution
		Debug|Any CPU = Debug|Any CPU
		Debug|ARM = Debug|ARM
		Debug|ARM64 = Debug|ARM64
		Debug|x64 = Debug|x64
		Debug|x86 = Debug|x86
		Release|Any CPU = Release|Any CPU
		Release|ARM = Release|ARM
		Release|ARM64 = Release|ARM64
		Release|x64 = Release|x64
		Release|x86 = Release|x86
	EndGlobalSection
	GlobalSection(ProjectConfigurationPlatforms) = postSolution
		{3F946259-00F9-4F11-962D-734CD3FA66D8}.Debug|Any CPU.ActiveCfg = Debug|x86
		{3F946259-00F9-4F11-962D-734CD3FA66D8}.Debug|ARM.ActiveCfg = Debug|ARM
		{3F946259-00F9-4F11-962D-734CD3FA66D8}.Debug|ARM.Build.0 = Debug|ARM
		{3F946259-00F9-4F11-962D-734CD3FA66D8}.Debug|ARM.Deploy.0 = Debug|ARM
		{3F946259-00F9-4F11-962D-734CD3FA66D8}.Debug|ARM64.ActiveCfg = Debug|ARM64
		{3F946259-00F9-4F11-962D-734CD3FA66D8}.Debug|ARM64.Build.0 = Debug|ARM64
		{3F946259-00F9-4F11-962D-734CD3FA66D8}.Debug|ARM64.Deploy.0 = Debug|ARM64
		{3F946259-00F9-4F11-962D-734CD3FA66D8}.Debug|x64.ActiveCfg = Debug|x64
		{3F946259-00F9-4F11-962D-734CD3FA66D8}.Debug|x64.Build.0 = Debug|x64
		{3F946259-00F9-4F11-962D-734CD3FA66D8}.Debug|x64.Deploy.0 = Debug|x64
		{3F946259-00F9-4F11-962D-734CD3FA66D8}.Debug|x86.ActiveCfg = Debug|x86
		{3F946259-00F9-4F11-962D-734CD3FA66D8}.Debug|x86.Build.0 = Debug|x86
		{3F946259-00F9-4F11-962D-734CD3FA66D8}.Debug|x86.Deploy.0 = Debug|x86
		{3F946259-00F9-4F11-962D-734CD3FA66D8}.Release|Any CPU.ActiveCfg = Release|x86
		{3F946259-00F9-4F11-962D-734CD3FA66D8}.Release|ARM.ActiveCfg = Release|ARM
		{3F946259-00F9-4F11-962D-734CD3FA66D8}.Release|ARM.Build.0 = Release|ARM
		{3F946259-00F9-4F11-962D-734CD3FA66D8}.Release|ARM.Deploy.0 = Release|ARM
		{3F946259-00F9-4F11-962D-734CD3FA66D8}.Release|ARM64.ActiveCfg = Release|ARM64
		{3F946259-00F9-4F11-962D-734CD3FA66D8}.Release|ARM64.Build.0 = Release|ARM64
		{3F946259-00F9-4F11-962D-734CD3FA66D8}.Release|ARM64.Deploy.0 = Release|ARM64
		{3F946259-00F9-4F11-962D-734CD3FA66D8}.Release|x64.ActiveCfg = Release|x64
		{3F946259-00F9-4F11-962D-734CD3FA66D8}.Release|x64.Build.0 = Release|x64
		{3F946259-00F9-4F11-962D-734CD3FA66D8}.Release|x64.Deploy.0 = Release|x64
		{3F946259-00F9-4F11-962D-734CD3FA66D8}.Release|x86.ActiveCfg = Release|x86
		{3F946259-00F9-4F11-962D-734CD3FA66D8}.Release|x86.Build.0 = Release|x86
		{3F946259-00F9-4F11-962D-734CD3FA66D8}.Release|x86.Deploy.0 = Release|x86
		{1D248CE3-DAEF-4454-B649-923DF6685EA4}.Debug|Any CPU.ActiveCfg = Debug|x86
		{1D248CE3-DAEF-4454-B649-923DF6685EA4}.Debug|ARM.ActiveCfg = Debug|ARM
		{1D248CE3-DAEF-4454-B649-923DF6685EA4}.Debug|ARM.Build.0 = Debug|ARM
		{1D248CE3-DAEF-4454-B649-923DF6685EA4}.Debug|ARM.Deploy.0 = Debug|ARM
		{1D248CE3-DAEF-4454-B649-923DF6685EA4}.Debug|ARM64.ActiveCfg = Debug|x86
		{1D248CE3-DAEF-4454-B649-923DF6685EA4}.Debug|x64.ActiveCfg = Debug|x64
		{1D248CE3-DAEF-4454-B649-923DF6685EA4}.Debug|x64.Build.0 = Debug|x64
		{1D248CE3-DAEF-4454-B649-923DF6685EA4}.Debug|x64.Deploy.0 = Debug|x64
		{1D248CE3-DAEF-4454-B649-923DF6685EA4}.Debug|x86.ActiveCfg = Debug|x86
		{1D248CE3-DAEF-4454-B649-923DF6685EA4}.Debug|x86.Build.0 = Debug|x86
		{1D248CE3-DAEF-4454-B649-923DF6685EA4}.Debug|x86.Deploy.0 = Debug|x86
		{1D248CE3-DAEF-4454-B649-923DF6685EA4}.Release|Any CPU.ActiveCfg = Release|x86
		{1D248CE3-DAEF-4454-B649-923DF6685EA4}.Release|ARM.ActiveCfg = Release|ARM
		{1D248CE3-DAEF-4454-B649-923DF6685EA4}.Release|ARM.Build.0 = Release|ARM
		{1D248CE3-DAEF-4454-B649-923DF6685EA4}.Release|ARM.Deploy.0 = Release|ARM
		{1D248CE3-DAEF-4454-B649-923DF6685EA4}.Release|ARM64.ActiveCfg = Release|x86
		{1D248CE3-DAEF-4454-B649-923DF6685EA4}.Release|x64.ActiveCfg = Release|x64
		{1D248CE3-DAEF-4454-B649-923DF6685EA4}.Release|x64.Build.0 = Release|x64
		{1D248CE3-DAEF-4454-B649-923DF6685EA4}.Release|x64.Deploy.0 = Release|x64
		{1D248CE3-DAEF-4454-B649-923DF6685EA4}.Release|x86.ActiveCfg = Release|x86
		{1D248CE3-DAEF-4454-B649-923DF6685EA4}.Release|x86.Build.0 = Release|x86
		{1D248CE3-DAEF-4454-B649-923DF6685EA4}.Release|x86.Deploy.0 = Release|x86
		{4F4927A5-B233-43DD-AB25-DA999CD84646}.Debug|Any CPU.ActiveCfg = Debug|Any CPU
		{4F4927A5-B233-43DD-AB25-DA999CD84646}.Debug|Any CPU.Build.0 = Debug|Any CPU
		{4F4927A5-B233-43DD-AB25-DA999CD84646}.Debug|ARM.ActiveCfg = Debug|Any CPU
		{4F4927A5-B233-43DD-AB25-DA999CD84646}.Debug|ARM.Build.0 = Debug|Any CPU
		{4F4927A5-B233-43DD-AB25-DA999CD84646}.Debug|ARM64.ActiveCfg = Debug|Any CPU
		{4F4927A5-B233-43DD-AB25-DA999CD84646}.Debug|ARM64.Build.0 = Debug|Any CPU
		{4F4927A5-B233-43DD-AB25-DA999CD84646}.Debug|x64.ActiveCfg = Debug|Any CPU
		{4F4927A5-B233-43DD-AB25-DA999CD84646}.Debug|x64.Build.0 = Debug|Any CPU
		{4F4927A5-B233-43DD-AB25-DA999CD84646}.Debug|x86.ActiveCfg = Debug|Any CPU
		{4F4927A5-B233-43DD-AB25-DA999CD84646}.Debug|x86.Build.0 = Debug|Any CPU
		{4F4927A5-B233-43DD-AB25-DA999CD84646}.Release|Any CPU.ActiveCfg = Release|Any CPU
		{4F4927A5-B233-43DD-AB25-DA999CD84646}.Release|Any CPU.Build.0 = Release|Any CPU
		{4F4927A5-B233-43DD-AB25-DA999CD84646}.Release|ARM.ActiveCfg = Release|Any CPU
		{4F4927A5-B233-43DD-AB25-DA999CD84646}.Release|ARM.Build.0 = Release|Any CPU
		{4F4927A5-B233-43DD-AB25-DA999CD84646}.Release|ARM64.ActiveCfg = Release|Any CPU
		{4F4927A5-B233-43DD-AB25-DA999CD84646}.Release|ARM64.Build.0 = Release|Any CPU
		{4F4927A5-B233-43DD-AB25-DA999CD84646}.Release|x64.ActiveCfg = Release|Any CPU
		{4F4927A5-B233-43DD-AB25-DA999CD84646}.Release|x64.Build.0 = Release|Any CPU
		{4F4927A5-B233-43DD-AB25-DA999CD84646}.Release|x86.ActiveCfg = Release|Any CPU
		{4F4927A5-B233-43DD-AB25-DA999CD84646}.Release|x86.Build.0 = Release|Any CPU
		{6D8DEA67-0AB6-40EF-8896-76F6059C73AF}.Debug|Any CPU.ActiveCfg = Debug|Any CPU
		{6D8DEA67-0AB6-40EF-8896-76F6059C73AF}.Debug|Any CPU.Build.0 = Debug|Any CPU
		{6D8DEA67-0AB6-40EF-8896-76F6059C73AF}.Debug|ARM.ActiveCfg = Debug|Any CPU
		{6D8DEA67-0AB6-40EF-8896-76F6059C73AF}.Debug|ARM.Build.0 = Debug|Any CPU
		{6D8DEA67-0AB6-40EF-8896-76F6059C73AF}.Debug|ARM64.ActiveCfg = Debug|Any CPU
		{6D8DEA67-0AB6-40EF-8896-76F6059C73AF}.Debug|ARM64.Build.0 = Debug|Any CPU
		{6D8DEA67-0AB6-40EF-8896-76F6059C73AF}.Debug|x64.ActiveCfg = Debug|Any CPU
		{6D8DEA67-0AB6-40EF-8896-76F6059C73AF}.Debug|x64.Build.0 = Debug|Any CPU
		{6D8DEA67-0AB6-40EF-8896-76F6059C73AF}.Debug|x86.ActiveCfg = Debug|Any CPU
		{6D8DEA67-0AB6-40EF-8896-76F6059C73AF}.Debug|x86.Build.0 = Debug|Any CPU
		{6D8DEA67-0AB6-40EF-8896-76F6059C73AF}.Release|Any CPU.ActiveCfg = Release|Any CPU
		{6D8DEA67-0AB6-40EF-8896-76F6059C73AF}.Release|Any CPU.Build.0 = Release|Any CPU
		{6D8DEA67-0AB6-40EF-8896-76F6059C73AF}.Release|ARM.ActiveCfg = Release|Any CPU
		{6D8DEA67-0AB6-40EF-8896-76F6059C73AF}.Release|ARM.Build.0 = Release|Any CPU
		{6D8DEA67-0AB6-40EF-8896-76F6059C73AF}.Release|ARM64.ActiveCfg = Release|Any CPU
		{6D8DEA67-0AB6-40EF-8896-76F6059C73AF}.Release|ARM64.Build.0 = Release|Any CPU
		{6D8DEA67-0AB6-40EF-8896-76F6059C73AF}.Release|x64.ActiveCfg = Release|Any CPU
		{6D8DEA67-0AB6-40EF-8896-76F6059C73AF}.Release|x64.Build.0 = Release|Any CPU
		{6D8DEA67-0AB6-40EF-8896-76F6059C73AF}.Release|x86.ActiveCfg = Release|Any CPU
		{6D8DEA67-0AB6-40EF-8896-76F6059C73AF}.Release|x86.Build.0 = Release|Any CPU
		{927245EF-F22F-4D4D-BAC1-BFBFBF20EEC3}.Debug|Any CPU.ActiveCfg = Debug|Any CPU
		{927245EF-F22F-4D4D-BAC1-BFBFBF20EEC3}.Debug|Any CPU.Build.0 = Debug|Any CPU
		{927245EF-F22F-4D4D-BAC1-BFBFBF20EEC3}.Debug|ARM.ActiveCfg = Debug|Any CPU
		{927245EF-F22F-4D4D-BAC1-BFBFBF20EEC3}.Debug|ARM.Build.0 = Debug|Any CPU
		{927245EF-F22F-4D4D-BAC1-BFBFBF20EEC3}.Debug|ARM64.ActiveCfg = Debug|Any CPU
		{927245EF-F22F-4D4D-BAC1-BFBFBF20EEC3}.Debug|ARM64.Build.0 = Debug|Any CPU
		{927245EF-F22F-4D4D-BAC1-BFBFBF20EEC3}.Debug|x64.ActiveCfg = Debug|Any CPU
		{927245EF-F22F-4D4D-BAC1-BFBFBF20EEC3}.Debug|x64.Build.0 = Debug|Any CPU
		{927245EF-F22F-4D4D-BAC1-BFBFBF20EEC3}.Debug|x86.ActiveCfg = Debug|Any CPU
		{927245EF-F22F-4D4D-BAC1-BFBFBF20EEC3}.Debug|x86.Build.0 = Debug|Any CPU
		{927245EF-F22F-4D4D-BAC1-BFBFBF20EEC3}.Release|Any CPU.ActiveCfg = Release|Any CPU
		{927245EF-F22F-4D4D-BAC1-BFBFBF20EEC3}.Release|Any CPU.Build.0 = Release|Any CPU
		{927245EF-F22F-4D4D-BAC1-BFBFBF20EEC3}.Release|ARM.ActiveCfg = Release|Any CPU
		{927245EF-F22F-4D4D-BAC1-BFBFBF20EEC3}.Release|ARM.Build.0 = Release|Any CPU
		{927245EF-F22F-4D4D-BAC1-BFBFBF20EEC3}.Release|ARM64.ActiveCfg = Release|Any CPU
		{927245EF-F22F-4D4D-BAC1-BFBFBF20EEC3}.Release|ARM64.Build.0 = Release|Any CPU
		{927245EF-F22F-4D4D-BAC1-BFBFBF20EEC3}.Release|x64.ActiveCfg = Release|Any CPU
		{927245EF-F22F-4D4D-BAC1-BFBFBF20EEC3}.Release|x64.Build.0 = Release|Any CPU
		{927245EF-F22F-4D4D-BAC1-BFBFBF20EEC3}.Release|x86.ActiveCfg = Release|Any CPU
		{927245EF-F22F-4D4D-BAC1-BFBFBF20EEC3}.Release|x86.Build.0 = Release|Any CPU
	EndGlobalSection
	GlobalSection(SolutionProperties) = preSolution
		HideSolutionNode = FALSE
	EndGlobalSection
	GlobalSection(ExtensibilityGlobals) = postSolution
		SolutionGuid = {A38AAC7F-1247-4534-B8C9-928CE7911F4A}
	EndGlobalSection
EndGlobal
